
Microsoft Visual Studio Solution File, Format Version 12.00
# Visual Studio Version 17
VisualStudioVersion = 17.7.34031.279
MinimumVisualStudioVersion = 10.0.40219.1
Project("{FAE04EC0-301F-11D3-BF4B-00C04F79EFBC}") = "emailServer", "emailServer\emailServer.csproj", "{7B321FBC-871D-49D5-98FE-87B3DE492A3B}"
EndProject
Global
	GlobalSection(SolutionConfigurationPlatforms) = preSolution
		Debug|Any CPU = Debug|Any CPU
		Release|Any CPU = Release|Any CPU
	EndGlobalSection
	GlobalSection(ProjectConfigurationPlatforms) = postSolution
		{7B321FBC-871D-49D5-98FE-87B3DE492A3B}.Debug|Any CPU.ActiveCfg = Debug|Any CPU
		{7B321FBC-871D-49D5-98FE-87B3DE492A3B}.Debug|Any CPU.Build.0 = Debug|Any CPU
		{7B321FBC-871D-49D5-98FE-87B3DE492A3B}.Release|Any CPU.ActiveCfg = Release|Any CPU
		{7B321FBC-871D-49D5-98FE-87B3DE492A3B}.Release|Any CPU.Build.0 = Release|Any CPU
	EndGlobalSection
	GlobalSection(SolutionProperties) = preSolution
		HideSolutionNode = FALSE
	EndGlobalSection
	GlobalSection(ExtensibilityGlobals) = postSolution
		SolutionGuid = {387D5BEE-90B7-482F-BC18-7EB3D4D211AB}
	EndGlobalSection
EndGlobal
